schema_version: 1
sources:
  robot_interfaces:
    url: https://github.com/SevenovaHangzhou/robot_interfaces.git
    commit: 9cc937970736cd19fd3bf5283de8cc5c15926967
    contract_version: 0.7.0
    ros_package_version: 0.6.0
    public_packages:
      - robot_motion_interfaces
      - robot_rt_control_interfaces
      - robot_system_interfaces
      - robot_interfaces_qos
